
Microsoft Visual Studio Solution File, Format Version 12.00
# Visual Studio Version 17
VisualStudioVersion = 17.0.31903.59
MinimumVisualStudioVersion = 10.0.40219.1
Project("{F2A71F9B-5D33-465A-A702-920D77279786}") = "SlashSlash", "SlashSlash\SlashSlash.fsproj", "{341F8919-EE1C-4F1E-BF20-58A83F0CBFBE}"
EndProject
Project("{2150E333-8FDC-42A3-9474-1A3956D46DE8}") = ".build", ".build", "{0271AEB4-A1F6-497E-8F04-1CAE34B9C576}"
	ProjectSection(SolutionItems) = preProject
		.editorconfig = .editorconfig
		.gitignore = .gitignore
		paket.dependencies = paket.dependencies
		paket.lock = paket.lock
		README.md = README.md
		build.cmd = build.cmd
	EndProjectSection
EndProject
Project("{2150E333-8FDC-42A3-9474-1A3956D46DE8}") = "Pinicola.FSharp", "Pinicola.FSharp", "{231E47F8-CF52-4008-ACF0-0DC7060DFEED}"
EndProject
Project("{F2A71F9B-5D33-465A-A702-920D77279786}") = "Pinicola.FSharp", "Pinicola.FSharp\Pinicola.FSharp\Pinicola.FSharp.fsproj", "{AFB10D5B-9588-4D70-BBCB-162DF63CC203}"
EndProject
Project("{F2A71F9B-5D33-465A-A702-920D77279786}") = "Pinicola.FSharp.SpectreConsole", "Pinicola.FSharp\Pinicola.FSharp.SpectreConsole\Pinicola.FSharp.SpectreConsole.fsproj", "{8CD90D5E-FE21-4174-9328-B0B92B9C1F3C}"
EndProject
Global
	GlobalSection(SolutionConfigurationPlatforms) = preSolution
		Debug|Any CPU = Debug|Any CPU
		Debug|x64 = Debug|x64
		Debug|x86 = Debug|x86
		Release|Any CPU = Release|Any CPU
		Release|x64 = Release|x64
		Release|x86 = Release|x86
	EndGlobalSection
	GlobalSection(ProjectConfigurationPlatforms) = postSolution
		{341F8919-EE1C-4F1E-BF20-58A83F0CBFBE}.Debug|Any CPU.ActiveCfg = Debug|Any CPU
		{341F8919-EE1C-4F1E-BF20-58A83F0CBFBE}.Debug|Any CPU.Build.0 = Debug|Any CPU
		{341F8919-EE1C-4F1E-BF20-58A83F0CBFBE}.Debug|x64.ActiveCfg = Debug|Any CPU
		{341F8919-EE1C-4F1E-BF20-58A83F0CBFBE}.Debug|x64.Build.0 = Debug|Any CPU
		{341F8919-EE1C-4F1E-BF20-58A83F0CBFBE}.Debug|x86.ActiveCfg = Debug|Any CPU
		{341F8919-EE1C-4F1E-BF20-58A83F0CBFBE}.Debug|x86.Build.0 = Debug|Any CPU
		{341F8919-EE1C-4F1E-BF20-58A83F0CBFBE}.Release|Any CPU.ActiveCfg = Release|Any CPU
		{341F8919-EE1C-4F1E-BF20-58A83F0CBFBE}.Release|Any CPU.Build.0 = Release|Any CPU
		{341F8919-EE1C-4F1E-BF20-58A83F0CBFBE}.Release|x64.ActiveCfg = Release|Any CPU
		{341F8919-EE1C-4F1E-BF20-58A83F0CBFBE}.Release|x64.Build.0 = Release|Any CPU
		{341F8919-EE1C-4F1E-BF20-58A83F0CBFBE}.Release|x86.ActiveCfg = Release|Any CPU
		{341F8919-EE1C-4F1E-BF20-58A83F0CBFBE}.Release|x86.Build.0 = Release|Any CPU
		{AFB10D5B-9588-4D70-BBCB-162DF63CC203}.Debug|Any CPU.ActiveCfg = Debug|Any CPU
		{AFB10D5B-9588-4D70-BBCB-162DF63CC203}.Debug|Any CPU.Build.0 = Debug|Any CPU
		{AFB10D5B-9588-4D70-BBCB-162DF63CC203}.Debug|x64.ActiveCfg = Debug|Any CPU
		{AFB10D5B-9588-4D70-BBCB-162DF63CC203}.Debug|x64.Build.0 = Debug|Any CPU
		{AFB10D5B-9588-4D70-BBCB-162DF63CC203}.Debug|x86.ActiveCfg = Debug|Any CPU
		{AFB10D5B-9588-4D70-BBCB-162DF63CC203}.Debug|x86.Build.0 = Debug|Any CPU
		{AFB10D5B-9588-4D70-BBCB-162DF63CC203}.Release|Any CPU.ActiveCfg = Release|Any CPU
		{AFB10D5B-9588-4D70-BBCB-162DF63CC203}.Release|Any CPU.Build.0 = Release|Any CPU
		{AFB10D5B-9588-4D70-BBCB-162DF63CC203}.Release|x64.ActiveCfg = Release|Any CPU
		{AFB10D5B-9588-4D70-BBCB-162DF63CC203}.Release|x64.Build.0 = Release|Any CPU
		{AFB10D5B-9588-4D70-BBCB-162DF63CC203}.Release|x86.ActiveCfg = Release|Any CPU
		{AFB10D5B-9588-4D70-BBCB-162DF63CC203}.Release|x86.Build.0 = Release|Any CPU
		{8CD90D5E-FE21-4174-9328-B0B92B9C1F3C}.Debug|Any CPU.ActiveCfg = Debug|Any CPU
		{8CD90D5E-FE21-4174-9328-B0B92B9C1F3C}.Debug|Any CPU.Build.0 = Debug|Any CPU
		{8CD90D5E-FE21-4174-9328-B0B92B9C1F3C}.Debug|x64.ActiveCfg = Debug|Any CPU
		{8CD90D5E-FE21-4174-9328-B0B92B9C1F3C}.Debug|x64.Build.0 = Debug|Any CPU
		{8CD90D5E-FE21-4174-9328-B0B92B9C1F3C}.Debug|x86.ActiveCfg = Debug|Any CPU
		{8CD90D5E-FE21-4174-9328-B0B92B9C1F3C}.Debug|x86.Build.0 = Debug|Any CPU
		{8CD90D5E-FE21-4174-9328-B0B92B9C1F3C}.Release|Any CPU.ActiveCfg = Release|Any CPU
		{8CD90D5E-FE21-4174-9328-B0B92B9C1F3C}.Release|Any CPU.Build.0 = Release|Any CPU
		{8CD90D5E-FE21-4174-9328-B0B92B9C1F3C}.Release|x64.ActiveCfg = Release|Any CPU
		{8CD90D5E-FE21-4174-9328-B0B92B9C1F3C}.Release|x64.Build.0 = Release|Any CPU
		{8CD90D5E-FE21-4174-9328-B0B92B9C1F3C}.Release|x86.ActiveCfg = Release|Any CPU
		{8CD90D5E-FE21-4174-9328-B0B92B9C1F3C}.Release|x86.Build.0 = Release|Any CPU
	EndGlobalSection
	GlobalSection(SolutionProperties) = preSolution
		HideSolutionNode = FALSE
	EndGlobalSection
	GlobalSection(NestedProjects) = preSolution
		{AFB10D5B-9588-4D70-BBCB-162DF63CC203} = {231E47F8-CF52-4008-ACF0-0DC7060DFEED}
		{8CD90D5E-FE21-4174-9328-B0B92B9C1F3C} = {231E47F8-CF52-4008-ACF0-0DC7060DFEED}
	EndGlobalSection
EndGlobal
